// !$*UTF8*$!
{
	archiveVersion = 1;
	classes = {
	};
	objectVersion = 46;
	objects = {

/* Begin PBXBuildFile section */
		243C51741AB88C3700CF0BF0 /* sortowanie.cpp in Sources */ = {isa = PBXBuildFile; fileRef = 243C51731AB88C3700CF0BF0 /* sortowanie.cpp */; };
		248DC5741AE4F3F600716574 /* main.cpp in Sources */ = {isa = PBXBuildFile; fileRef = 248DC5731AE4F3F600716574 /* main.cpp */; };
		248DC57F1AE4F99D00716574 /* TreeTest.cpp in Sources */ = {isa = PBXBuildFile; fileRef = 248DC57E1AE4F99D00716574 /* TreeTest.cpp */; };
		248DC5841AE4F9D700716574 /* gtest.framework in Frameworks */ = {isa = PBXBuildFile; fileRef = 248DC5831AE4F9D700716574 /* gtest.framework */; };
		24DB307A1AC896E9007C9F4C /* QuickersSort.cpp in Sources */ = {isa = PBXBuildFile; fileRef = 24DB30791AC896E9007C9F4C /* QuickersSort.cpp */; };
/* End PBXBuildFile section */

/* Begin PBXCopyFilesBuildPhase section */
		2400DCDE1AC33852003AB4C0 /* CopyFiles */ = {
			isa = PBXCopyFilesBuildPhase;
			buildActionMask = 2147483647;
			dstPath = /usr/share/man/man1/;
			dstSubfolderSpec = 0;
			files = (
			);
			runOnlyForDeploymentPostprocessing = 1;
		};
		243C51611AB77A7A00CF0BF0 /* CopyFiles */ = {
			isa = PBXCopyFilesBuildPhase;
			buildActionMask = 2147483647;
			dstPath = /usr/share/man/man1/;
			dstSubfolderSpec = 0;
			files = (
			);
			runOnlyForDeploymentPostprocessing = 1;
		};
		243C516F1AB88C3700CF0BF0 /* CopyFiles */ = {
			isa = PBXCopyFilesBuildPhase;
			buildActionMask = 2147483647;
			dstPath = /usr/share/man/man1/;
			dstSubfolderSpec = 0;
			files = (
			);
			runOnlyForDeploymentPostprocessing = 1;
		};
		248DC56F1AE4F3F600716574 /* CopyFiles */ = {
			isa = PBXCopyFilesBuildPhase;
			buildActionMask = 2147483647;
			dstPath = /usr/share/man/man1/;
			dstSubfolderSpec = 0;
			files = (
			);
			runOnlyForDeploymentPostprocessing = 1;
		};
		248DC57A1AE4F99D00716574 /* CopyFiles */ = {
			isa = PBXCopyFilesBuildPhase;
			buildActionMask = 2147483647;
			dstPath = /usr/share/man/man1/;
			dstSubfolderSpec = 0;
			files = (
			);
			runOnlyForDeploymentPostprocessing = 1;
		};
		24B9F9A31ACA9F4A00BFCB34 /* CopyFiles */ = {
			isa = PBXCopyFilesBuildPhase;
			buildActionMask = 2147483647;
			dstPath = /usr/share/man/man1/;
			dstSubfolderSpec = 0;
			files = (
			);
			runOnlyForDeploymentPostprocessing = 1;
		};
		24DB30751AC896E9007C9F4C /* CopyFiles */ = {
			isa = PBXCopyFilesBuildPhase;
			buildActionMask = 2147483647;
			dstPath = /usr/share/man/man1/;
			dstSubfolderSpec = 0;
			files = (
			);
			runOnlyForDeploymentPostprocessing = 1;
		};
/* End PBXCopyFilesBuildPhase section */

/* Begin PBXFileReference section */
		2400DCE01AC33852003AB4C0 /* test */ = {isa = PBXFileReference; explicitFileType = "compiled.mach-o.executable"; includeInIndex = 0; path = test; sourceTree = BUILT_PRODUCTS_DIR; };
		240E7C701AE5011E0050AB2D /* Trees.h */ = {isa = PBXFileReference; fileEncoding = 4; lastKnownFileType = sourcecode.c.h; path = Trees.h; sourceTree = "<group>"; };
		243C51631AB77A7A00CF0BF0 /* ASD */ = {isa = PBXFileReference; explicitFileType = "compiled.mach-o.executable"; includeInIndex = 0; path = ASD; sourceTree = BUILT_PRODUCTS_DIR; };
		243C51711AB88C3700CF0BF0 /* sortowanie */ = {isa = PBXFileReference; explicitFileType = "compiled.mach-o.executable"; includeInIndex = 0; path = sortowanie; sourceTree = BUILT_PRODUCTS_DIR; };
		243C51731AB88C3700CF0BF0 /* sortowanie.cpp */ = {isa = PBXFileReference; lastKnownFileType = sourcecode.cpp.cpp; path = sortowanie.cpp; sourceTree = "<group>"; };
		248DC5711AE4F3F600716574 /* Drzewa */ = {isa = PBXFileReference; explicitFileType = "compiled.mach-o.executable"; includeInIndex = 0; path = Drzewa; sourceTree = BUILT_PRODUCTS_DIR; };
		248DC5731AE4F3F600716574 /* main.cpp */ = {isa = PBXFileReference; lastKnownFileType = sourcecode.cpp.cpp; path = main.cpp; sourceTree = "<group>"; };
		248DC57C1AE4F99D00716574 /* TreeTest */ = {isa = PBXFileReference; explicitFileType = "compiled.mach-o.executable"; includeInIndex = 0; path = TreeTest; sourceTree = BUILT_PRODUCTS_DIR; };
		248DC57E1AE4F99D00716574 /* TreeTest.cpp */ = {isa = PBXFileReference; lastKnownFileType = sourcecode.cpp.cpp; path = TreeTest.cpp; sourceTree = "<group>"; };
		248DC5831AE4F9D700716574 /* gtest.framework */ = {isa = PBXFileReference; lastKnownFileType = wrapper.framework; path = gtest.framework; sourceTree = "<group>"; };
		24B9F9A51ACA9F4A00BFCB34 /* testBucket */ = {isa = PBXFileReference; explicitFileType = "compiled.mach-o.executable"; includeInIndex = 0; path = testBucket; sourceTree = BUILT_PRODUCTS_DIR; };
		24DB30771AC896E9007C9F4C /* QuickerSort */ = {isa = PBXFileReference; explicitFileType = "compiled.mach-o.executable"; includeInIndex = 0; path = QuickerSort; sourceTree = BUILT_PRODUCTS_DIR; };
		24DB30791AC896E9007C9F4C /* QuickersSort.cpp */ = {isa = PBXFileReference; lastKnownFileType = sourcecode.cpp.cpp; path = QuickersSort.cpp; sourceTree = "<group>"; };
		24FBFB7C1ACC845300F55F37 /* test_1.xctest */ = {isa = PBXFileReference; explicitFileType = wrapper.cfbundle; includeInIndex = 0; path = test_1.xctest; sourceTree = BUILT_PRODUCTS_DIR; };
/* End PBXFileReference section */

/* Begin PBXFrameworksBuildPhase section */
		2400DCDD1AC33852003AB4C0 /* Frameworks */ = {
			isa = PBXFrameworksBuildPhase;
			buildActionMask = 2147483647;
			files = (
			);
			runOnlyForDeploymentPostprocessing = 0;
		};
		243C51601AB77A7A00CF0BF0 /* Frameworks */ = {
			isa = PBXFrameworksBuildPhase;
			buildActionMask = 2147483647;
			files = (
			);
			runOnlyForDeploymentPostprocessing = 0;
		};
		243C516E1AB88C3700CF0BF0 /* Frameworks */ = {
			isa = PBXFrameworksBuildPhase;
			buildActionMask = 2147483647;
			files = (
			);
			runOnlyForDeploymentPostprocessing = 0;
		};
		248DC56E1AE4F3F600716574 /* Frameworks */ = {
			isa = PBXFrameworksBuildPhase;
			buildActionMask = 2147483647;
			files = (
			);
			runOnlyForDeploymentPostprocessing = 0;
		};
		248DC5791AE4F99D00716574 /* Frameworks */ = {
			isa = PBXFrameworksBuildPhase;
			buildActionMask = 2147483647;
			files = (
				248DC5841AE4F9D700716574 /* gtest.framework in Frameworks */,
			);
			runOnlyForDeploymentPostprocessing = 0;
		};
		24B9F9A21ACA9F4A00BFCB34 /* Frameworks */ = {
			isa = PBXFrameworksBuildPhase;
			buildActionMask = 2147483647;
			files = (
			);
			runOnlyForDeploymentPostprocessing = 0;
		};
		24DB30741AC896E9007C9F4C /* Frameworks */ = {
			isa = PBXFrameworksBuildPhase;
			buildActionMask = 2147483647;
			files = (
			);
			runOnlyForDeploymentPostprocessing = 0;
		};
		24FBFB791ACC845300F55F37 /* Frameworks */ = {
			isa = PBXFrameworksBuildPhase;
			buildActionMask = 2147483647;
			files = (
			);
			runOnlyForDeploymentPostprocessing = 0;
		};
/* End PBXFrameworksBuildPhase section */

/* Begin PBXGroup section */
		243C515A1AB77A7900CF0BF0 = {
			isa = PBXGroup;
			children = (
				243C51721AB88C3700CF0BF0 /* sortowanie */,
				24DB30781AC896E9007C9F4C /* QuickerSort */,
				248DC5721AE4F3F600716574 /* Trees */,
				248DC57D1AE4F99D00716574 /* TreeTest */,
				243C51641AB77A7A00CF0BF0 /* Products */,
				248DC5831AE4F9D700716574 /* gtest.framework */,
			);
			sourceTree = "<group>";
		};
		243C51641AB77A7A00CF0BF0 /* Products */ = {
			isa = PBXGroup;
			children = (
				243C51631AB77A7A00CF0BF0 /* ASD */,
				243C51711AB88C3700CF0BF0 /* sortowanie */,
				2400DCE01AC33852003AB4C0 /* test */,
				24DB30771AC896E9007C9F4C /* QuickerSort */,
				24B9F9A51ACA9F4A00BFCB34 /* testBucket */,
				24FBFB7C1ACC845300F55F37 /* test_1.xctest */,
				248DC5711AE4F3F600716574 /* Drzewa */,
				248DC57C1AE4F99D00716574 /* TreeTest */,
			);
			name = Products;
			sourceTree = "<group>";
		};
		243C51721AB88C3700CF0BF0 /* sortowanie */ = {
			isa = PBXGroup;
			children = (
				243C51731AB88C3700CF0BF0 /* sortowanie.cpp */,
			);
			path = sortowanie;
			sourceTree = "<group>";
		};
		248DC5721AE4F3F600716574 /* Trees */ = {
			isa = PBXGroup;
			children = (
				248DC5731AE4F3F600716574 /* main.cpp */,
				240E7C701AE5011E0050AB2D /* Trees.h */,
			);
			name = Trees;
			path = Drzewa;
			sourceTree = "<group>";
		};
		248DC57D1AE4F99D00716574 /* TreeTest */ = {
			isa = PBXGroup;
			children = (
				248DC57E1AE4F99D00716574 /* TreeTest.cpp */,
			);
			path = TreeTest;
			sourceTree = "<group>";
		};
		24DB30781AC896E9007C9F4C /* QuickerSort */ = {
			isa = PBXGroup;
			children = (
				24DB30791AC896E9007C9F4C /* QuickersSort.cpp */,
			);
			path = QuickerSort;
			sourceTree = "<group>";
		};
/* End PBXGroup section */

/* Begin PBXNativeTarget section */
		2400DCDF1AC33852003AB4C0 /* test */ = {
			isa = PBXNativeTarget;
			buildConfigurationList = 2400DCE61AC33852003AB4C0 /* Build configuration list for PBXNativeTarget "test" */;
			buildPhases = (
				2400DCDC1AC33852003AB4C0 /* Sources */,
				2400DCDD1AC33852003AB4C0 /* Frameworks */,
				2400DCDE1AC33852003AB4C0 /* CopyFiles */,
			);
			buildRules = (
			);
			dependencies = (
			);
			name = test;
			productName = test;
			productReference = 2400DCE01AC33852003AB4C0 /* test */;
			productType = "com.apple.product-type.tool";
		};
		243C51621AB77A7A00CF0BF0 /* ASD */ = {
			isa = PBXNativeTarget;
			buildConfigurationList = 243C516A1AB77A7A00CF0BF0 /* Build configuration list for PBXNativeTarget "ASD" */;
			buildPhases = (
				243C515F1AB77A7A00CF0BF0 /* Sources */,
				243C51601AB77A7A00CF0BF0 /* Frameworks */,
				243C51611AB77A7A00CF0BF0 /* CopyFiles */,
			);
			buildRules = (
			);
			dependencies = (
			);
			name = ASD;
			productName = ASD;
			productReference = 243C51631AB77A7A00CF0BF0 /* ASD */;
			productType = "com.apple.product-type.tool";
		};
		243C51701AB88C3700CF0BF0 /* sortowanie */ = {
			isa = PBXNativeTarget;
			buildConfigurationList = 243C51751AB88C3700CF0BF0 /* Build configuration list for PBXNativeTarget "sortowanie" */;
			buildPhases = (
				243C516D1AB88C3700CF0BF0 /* Sources */,
				243C516E1AB88C3700CF0BF0 /* Frameworks */,
				243C516F1AB88C3700CF0BF0 /* CopyFiles */,
			);
			buildRules = (
			);
			dependencies = (
			);
			name = sortowanie;
			productName = sortowanie;
			productReference = 243C51711AB88C3700CF0BF0 /* sortowanie */;
			productType = "com.apple.product-type.tool";
		};
		248DC5701AE4F3F600716574 /* Drzewa */ = {
			isa = PBXNativeTarget;
			buildConfigurationList = 248DC5771AE4F3F600716574 /* Build configuration list for PBXNativeTarget "Drzewa" */;
			buildPhases = (
				248DC56D1AE4F3F600716574 /* Sources */,
				248DC56E1AE4F3F600716574 /* Frameworks */,
				248DC56F1AE4F3F600716574 /* CopyFiles */,
			);
			buildRules = (
			);
			dependencies = (
			);
			name = Drzewa;
			productName = Drzewa;
			productReference = 248DC5711AE4F3F600716574 /* Drzewa */;
			productType = "com.apple.product-type.tool";
		};
		248DC57B1AE4F99D00716574 /* TreeTest */ = {
			isa = PBXNativeTarget;
			buildConfigurationList = 248DC5801AE4F99D00716574 /* Build configuration list for PBXNativeTarget "TreeTest" */;
			buildPhases = (
				248DC5781AE4F99D00716574 /* Sources */,
				248DC5791AE4F99D00716574 /* Frameworks */,
				248DC57A1AE4F99D00716574 /* CopyFiles */,
			);
			buildRules = (
			);
			dependencies = (
			);
			name = TreeTest;
			productName = TreeTest;
			productReference = 248DC57C1AE4F99D00716574 /* TreeTest */;
			productType = "com.apple.product-type.tool";
		};
		24B9F9A41ACA9F4A00BFCB34 /* testBucket */ = {
			isa = PBXNativeTarget;
			buildConfigurationList = 24B9F9AB1ACA9F4A00BFCB34 /* Build configuration list for PBXNativeTarget "testBucket" */;
			buildPhases = (
				24B9F9A11ACA9F4A00BFCB34 /* Sources */,
				24B9F9A21ACA9F4A00BFCB34 /* Frameworks */,
				24B9F9A31ACA9F4A00BFCB34 /* CopyFiles */,
			);
			buildRules = (
			);
			dependencies = (
			);
			name = testBucket;
			productName = testBucket;
			productReference = 24B9F9A51ACA9F4A00BFCB34 /* testBucket */;
			productType = "com.apple.product-type.tool";
		};
		24DB30761AC896E9007C9F4C /* QuickerSort */ = {
			isa = PBXNativeTarget;
			buildConfigurationList = 24DB307B1AC896E9007C9F4C /* Build configuration list for PBXNativeTarget "QuickerSort" */;
			buildPhases = (
				24DB30731AC896E9007C9F4C /* Sources */,
				24DB30741AC896E9007C9F4C /* Frameworks */,
				24DB30751AC896E9007C9F4C /* CopyFiles */,
			);
			buildRules = (
			);
			dependencies = (
			);
			name = QuickerSort;
			productName = QuickerSort;
			productReference = 24DB30771AC896E9007C9F4C /* QuickerSort */;
			productType = "com.apple.product-type.tool";
		};
		24FBFB7B1ACC845300F55F37 /* test_1 */ = {
			isa = PBXNativeTarget;
			buildConfigurationList = 24FBFB841ACC845300F55F37 /* Build configuration list for PBXNativeTarget "test_1" */;
			buildPhases = (
				24FBFB781ACC845300F55F37 /* Sources */,
				24FBFB791ACC845300F55F37 /* Frameworks */,
				24FBFB7A1ACC845300F55F37 /* Resources */,
			);
			buildRules = (
			);
			dependencies = (
			);
			name = test_1;
			productName = test_1;
			productReference = 24FBFB7C1ACC845300F55F37 /* test_1.xctest */;
			productType = "com.apple.product-type.bundle.unit-test";
		};
/* End PBXNativeTarget section */

/* Begin PBXProject section */
		243C515B1AB77A7900CF0BF0 /* Project object */ = {
			isa = PBXProject;
			attributes = {
				LastUpgradeCheck = 0620;
				ORGANIZATIONNAME = "Janusz Grzesik";
				TargetAttributes = {
					2400DCDF1AC33852003AB4C0 = {
						CreatedOnToolsVersion = 6.2;
					};
					243C51621AB77A7A00CF0BF0 = {
						CreatedOnToolsVersion = 6.2;
					};
					243C51701AB88C3700CF0BF0 = {
						CreatedOnToolsVersion = 6.2;
					};
					248DC5701AE4F3F600716574 = {
						CreatedOnToolsVersion = 6.3;
					};
					248DC57B1AE4F99D00716574 = {
						CreatedOnToolsVersion = 6.3;
					};
					24B9F9A41ACA9F4A00BFCB34 = {
						CreatedOnToolsVersion = 6.2;
					};
					24DB30761AC896E9007C9F4C = {
						CreatedOnToolsVersion = 6.2;
					};
					24FBFB7B1ACC845300F55F37 = {
						CreatedOnToolsVersion = 6.2;
					};
				};
			};
			buildConfigurationList = 243C515E1AB77A7900CF0BF0 /* Build configuration list for PBXProject "ASD" */;
			compatibilityVersion = "Xcode 3.2";
			developmentRegion = English;
			hasScannedForEncodings = 0;
			knownRegions = (
				en,
			);
			mainGroup = 243C515A1AB77A7900CF0BF0;
			productRefGroup = 243C51641AB77A7A00CF0BF0 /* Products */;
			projectDirPath = "";
			projectRoot = "";
			targets = (
				243C51621AB77A7A00CF0BF0 /* ASD */,
				243C51701AB88C3700CF0BF0 /* sortowanie */,
				2400DCDF1AC33852003AB4C0 /* test */,
				24DB30761AC896E9007C9F4C /* QuickerSort */,
				24B9F9A41ACA9F4A00BFCB34 /* testBucket */,
				24FBFB7B1ACC845300F55F37 /* test_1 */,
				248DC5701AE4F3F600716574 /* Drzewa */,
				248DC57B1AE4F99D00716574 /* TreeTest */,
			);
		};
/* End PBXProject section */

/* Begin PBXResourcesBuildPhase section */
		24FBFB7A1ACC845300F55F37 /* Resources */ = {
			isa = PBXResourcesBuildPhase;
			buildActionMask = 2147483647;
			files = (
			);
			runOnlyForDeploymentPostprocessing = 0;
		};
/* End PBXResourcesBuildPhase section */

/* Begin PBXSourcesBuildPhase section */
		2400DCDC1AC33852003AB4C0 /* Sources */ = {
			isa = PBXSourcesBuildPhase;
			buildActionMask = 2147483647;
			files = (
			);
			runOnlyForDeploymentPostprocessing = 0;
		};
		243C515F1AB77A7A00CF0BF0 /* Sources */ = {
			isa = PBXSourcesBuildPhase;
			buildActionMask = 2147483647;
			files = (
			);
			runOnlyForDeploymentPostprocessing = 0;
		};
		243C516D1AB88C3700CF0BF0 /* Sources */ = {
			isa = PBXSourcesBuildPhase;
			buildActionMask = 2147483647;
			files = (
				243C51741AB88C3700CF0BF0 /* sortowanie.cpp in Sources */,
			);
			runOnlyForDeploymentPostprocessing = 0;
		};
		248DC56D1AE4F3F600716574 /* Sources */ = {
			isa = PBXSourcesBuildPhase;
			buildActionMask = 2147483647;
			files = (
				248DC5741AE4F3F600716574 /* main.cpp in Sources */,
			);
			runOnlyForDeploymentPostprocessing = 0;
		};
		248DC5781AE4F99D00716574 /* Sources */ = {
			isa = PBXSourcesBuildPhase;
			buildActionMask = 2147483647;
			files = (
				248DC57F1AE4F99D00716574 /* TreeTest.cpp in Sources */,
			);
			runOnlyForDeploymentPostprocessing = 0;
		};
		24B9F9A11ACA9F4A00BFCB34 /* Sources */ = {
			isa = PBXSourcesBuildPhase;
			buildActionMask = 2147483647;
			files = (
			);
			runOnlyForDeploymentPostprocessing = 0;
		};
		24DB30731AC896E9007C9F4C /* Sources */ = {
			isa = PBXSourcesBuildPhase;
			buildActionMask = 2147483647;
			files = (
				24DB307A1AC896E9007C9F4C /* QuickersSort.cpp in Sources */,
			);
			runOnlyForDeploymentPostprocessing = 0;
		};
		24FBFB781ACC845300F55F37 /* Sources */ = {
			isa = PBXSourcesBuildPhase;
			buildActionMask = 2147483647;
			files = (
			);
			runOnlyForDeploymentPostprocessing = 0;
		};
/* End PBXSourcesBuildPhase section */

/* Begin XCBuildConfiguration section */
		2400DCE41AC33852003AB4C0 /* Debug */ = {
			isa = XCBuildConfiguration;
			buildSettings = {
				FRAMEWORK_SEARCH_PATHS = (
					"$(inherited)",
					/Users/Janusz/Desktop,
				);
				GCC_PREPROCESSOR_DEFINITIONS = (
					"DEBUG=1",
					"$(inherited)",
				);
				PRODUCT_NAME = "$(TARGET_NAME)";
			};
			name = Debug;
		};
		2400DCE51AC33852003AB4C0 /* Release */ = {
			isa = XCBuildConfiguration;
			buildSettings = {
				FRAMEWORK_SEARCH_PATHS = (
					"$(inherited)",
					/Users/Janusz/Desktop,
				);
				PRODUCT_NAME = "$(TARGET_NAME)";
			};
			name = Release;
		};
		243C51681AB77A7A00CF0BF0 /* Debug */ = {
			isa = XCBuildConfiguration;
			buildSettings = {
				ALWAYS_SEARCH_USER_PATHS = NO;
				ARCHS = "$(NATIVE_ARCH_ACTUAL)";
				CLANG_CXX_LANGUAGE_STANDARD = "gnu++0x";
				CLANG_CXX_LIBRARY = "libstdc++";
				CLANG_ENABLE_MODULES = YES;
				CLANG_ENABLE_OBJC_ARC = YES;
				CLANG_WARN_BOOL_CONVERSION = YES;
				CLANG_WARN_CONSTANT_CONVERSION = YES;
				CLANG_WARN_DIRECT_OBJC_ISA_USAGE = YES_ERROR;
				CLANG_WARN_EMPTY_BODY = YES;
				CLANG_WARN_ENUM_CONVERSION = YES;
				CLANG_WARN_INT_CONVERSION = YES;
				CLANG_WARN_OBJC_ROOT_CLASS = YES_ERROR;
				CLANG_WARN_UNREACHABLE_CODE = YES;
				CLANG_WARN__DUPLICATE_METHOD_MATCH = YES;
				COPY_PHASE_STRIP = NO;
				ENABLE_STRICT_OBJC_MSGSEND = YES;
				GCC_C_LANGUAGE_STANDARD = gnu99;
				GCC_DYNAMIC_NO_PIC = NO;
				GCC_OPTIMIZATION_LEVEL = 0;
				GCC_PREPROCESSOR_DEFINITIONS = (
					"DEBUG=1",
					"$(inherited)",
				);
				GCC_SYMBOLS_PRIVATE_EXTERN = NO;
				GCC_WARN_64_TO_32_BIT_CONVERSION = YES;
				GCC_WARN_ABOUT_RETURN_TYPE = YES_ERROR;
				GCC_WARN_UNDECLARED_SELECTOR = YES;
				GCC_WARN_UNINITIALIZED_AUTOS = YES_AGGRESSIVE;
				GCC_WARN_UNUSED_FUNCTION = YES;
				GCC_WARN_UNUSED_VARIABLE = YES;
				MACOSX_DEPLOYMENT_TARGET = 10.10;
				MTL_ENABLE_DEBUG_INFO = YES;
				ONLY_ACTIVE_ARCH = YES;
				SDKROOT = macosx;
			};
			name = Debug;
		};
		243C51691AB77A7A00CF0BF0 /* Release */ = {
			isa = XCBuildConfiguration;
			buildSettings = {
				ALWAYS_SEARCH_USER_PATHS = NO;
				ARCHS = "$(NATIVE_ARCH_ACTUAL)";
				CLANG_CXX_LANGUAGE_STANDARD = "gnu++0x";
				CLANG_CXX_LIBRARY = "libstdc++";
				CLANG_ENABLE_MODULES = YES;
				CLANG_ENABLE_OBJC_ARC = YES;
				CLANG_WARN_BOOL_CONVERSION = YES;
				CLANG_WARN_CONSTANT_CONVERSION = YES;
				CLANG_WARN_DIRECT_OBJC_ISA_USAGE = YES_ERROR;
				CLANG_WARN_EMPTY_BODY = YES;
				CLANG_WARN_ENUM_CONVERSION = YES;
				CLANG_WARN_INT_CONVERSION = YES;
				CLANG_WARN_OBJC_ROOT_CLASS = YES_ERROR;
				CLANG_WARN_UNREACHABLE_CODE = YES;
				CLANG_WARN__DUPLICATE_METHOD_MATCH = YES;
				COPY_PHASE_STRIP = NO;
				DEBUG_INFORMATION_FORMAT = "dwarf-with-dsym";
				ENABLE_NS_ASSERTIONS = NO;
				ENABLE_STRICT_OBJC_MSGSEND = YES;
				GCC_C_LANGUAGE_STANDARD = gnu99;
				GCC_WARN_64_TO_32_BIT_CONVERSION = YES;
				GCC_WARN_ABOUT_RETURN_TYPE = YES_ERROR;
				GCC_WARN_UNDECLARED_SELECTOR = YES;
				GCC_WARN_UNINITIALIZED_AUTOS = YES_AGGRESSIVE;
				GCC_WARN_UNUSED_FUNCTION = YES;
				GCC_WARN_UNUSED_VARIABLE = YES;
				MACOSX_DEPLOYMENT_TARGET = 10.10;
				MTL_ENABLE_DEBUG_INFO = NO;
				SDKROOT = macosx;
			};
			name = Release;
		};
		243C516B1AB77A7A00CF0BF0 /* Debug */ = {
			isa = XCBuildConfiguration;
			buildSettings = {
				PRODUCT_NAME = "$(TARGET_NAME)";
			};
			name = Debug;
		};
		243C516C1AB77A7A00CF0BF0 /* Release */ = {
			isa = XCBuildConfiguration;
			buildSettings = {
				PRODUCT_NAME = "$(TARGET_NAME)";
			};
			name = Release;
		};
		243C51761AB88C3700CF0BF0 /* Debug */ = {
			isa = XCBuildConfiguration;
			buildSettings = {
				GCC_PREPROCESSOR_DEFINITIONS = (
					"DEBUG=1",
					"$(inherited)",
				);
				PRODUCT_NAME = "$(TARGET_NAME)";
			};
			name = Debug;
		};
		243C51771AB88C3700CF0BF0 /* Release */ = {
			isa = XCBuildConfiguration;
			buildSettings = {
				PRODUCT_NAME = "$(TARGET_NAME)";
			};
			name = Release;
		};
		248DC5751AE4F3F600716574 /* Debug */ = {
			isa = XCBuildConfiguration;
			buildSettings = {
				DEBUG_INFORMATION_FORMAT = dwarf;
				GCC_NO_COMMON_BLOCKS = YES;
				GCC_PREPROCESSOR_DEFINITIONS = (
					"DEBUG=1",
					"$(inherited)",
				);
				PRODUCT_NAME = "$(TARGET_NAME)";
			};
			name = Debug;
		};
		248DC5761AE4F3F600716574 /* Release */ = {
			isa = XCBuildConfiguration;
			buildSettings = {
				GCC_NO_COMMON_BLOCKS = YES;
				PRODUCT_NAME = "$(TARGET_NAME)";
			};
			name = Release;
		};
		248DC5811AE4F99D00716574 /* Debug */ = {
			isa = XCBuildConfiguration;
			buildSettings = {
				CLANG_CXX_LIBRARY = "libc++";
				DEBUG_INFORMATION_FORMAT = dwarf;
				FRAMEWORK_SEARCH_PATHS = (
					"$(inherited)",
					"$(PROJECT_DIR)",
				);
				GCC_NO_COMMON_BLOCKS = YES;
				GCC_PREPROCESSOR_DEFINITIONS = (
					"DEBUG=1",
					"$(inherited)",
				);
				PRODUCT_NAME = "$(TARGET_NAME)";
			};
			name = Debug;
		};
		248DC5821AE4F99D00716574 /* Release */ = {
			isa = XCBuildConfiguration;
			buildSettings = {
				CLANG_CXX_LIBRARY = "libc++";
				FRAMEWORK_SEARCH_PATHS = (
					"$(inherited)",
					"$(PROJECT_DIR)",
				);
				GCC_NO_COMMON_BLOCKS = YES;
				PRODUCT_NAME = "$(TARGET_NAME)";
			};
			name = Release;
		};
		24B9F9A91ACA9F4A00BFCB34 /* Debug */ = {
			isa = XCBuildConfiguration;
			buildSettings = {
				GCC_PREPROCESSOR_DEFINITIONS = (
					"DEBUG=1",
					"$(inherited)",
				);
				PRODUCT_NAME = "$(TARGET_NAME)";
			};
			name = Debug;
		};
		24B9F9AA1ACA9F4A00BFCB34 /* Release */ = {
			isa = XCBuildConfiguration;
			buildSettings = {
				PRODUCT_NAME = "$(TARGET_NAME)";
			};
			name = Release;
		};
		24DB307C1AC896E9007C9F4C /* Debug */ = {
			isa = XCBuildConfiguration;
			buildSettings = {
				GCC_PREPROCESSOR_DEFINITIONS = (
					"DEBUG=1",
					"$(inherited)",
				);
				PRODUCT_NAME = "$(TARGET_NAME)";
			};
			name = Debug;
		};
		24DB307D1AC896E9007C9F4C /* Release */ = {
			isa = XCBuildConfiguration;
			buildSettings = {
				PRODUCT_NAME = "$(TARGET_NAME)";
			};
			name = Release;
		};
		24FBFB821ACC845300F55F37 /* Debug */ = {
			isa = XCBuildConfiguration;
			buildSettings = {
				COMBINE_HIDPI_IMAGES = YES;
				FRAMEWORK_SEARCH_PATHS = (
					"$(DEVELOPER_FRAMEWORKS_DIR)",
					"$(inherited)",
				);
				GCC_PREPROCESSOR_DEFINITIONS = (
					"DEBUG=1",
					"$(inherited)",
				);
				INFOPLIST_FILE = test_1/Info.plist;
				LD_RUNPATH_SEARCH_PATHS = "$(inherited) @executable_path/../Frameworks @loader_path/../Frameworks";
				PRODUCT_NAME = "$(TARGET_NAME)";
			};
			name = Debug;
		};
		24FBFB831ACC845300F55F37 /* Release */ = {
			isa = XCBuildConfiguration;
			buildSettings = {
				COMBINE_HIDPI_IMAGES = YES;
				FRAMEWORK_SEARCH_PATHS = (
					"$(DEVELOPER_FRAMEWORKS_DIR)",
					"$(inherited)",
				);
				INFOPLIST_FILE = test_1/Info.plist;
				LD_RUNPATH_SEARCH_PATHS = "$(inherited) @executable_path/../Frameworks @loader_path/../Frameworks";
				PRODUCT_NAME = "$(TARGET_NAME)";
			};
			name = Release;
		};
/* End XCBuildConfiguration section */

/* Begin XCConfigurationList section */
		2400DCE61AC33852003AB4C0 /* Build configuration list for PBXNativeTarget "test" */ = {
			isa = XCConfigurationList;
			buildConfigurations = (
				2400DCE41AC33852003AB4C0 /* Debug */,
				2400DCE51AC33852003AB4C0 /* Release */,
			);
			defaultConfigurationIsVisible = 0;
			defaultConfigurationName = Release;
		};
		243C515E1AB77A7900CF0BF0 /* Build configuration list for PBXProject "ASD" */ = {
			isa = XCConfigurationList;
			buildConfigurations = (
				243C51681AB77A7A00CF0BF0 /* Debug */,
				243C51691AB77A7A00CF0BF0 /* Release */,
			);
			defaultConfigurationIsVisible = 0;
			defaultConfigurationName = Release;
		};
		243C516A1AB77A7A00CF0BF0 /* Build configuration list for PBXNativeTarget "ASD" */ = {
			isa = XCConfigurationList;
			buildConfigurations = (
				243C516B1AB77A7A00CF0BF0 /* Debug */,
				243C516C1AB77A7A00CF0BF0 /* Release */,
			);
			defaultConfigurationIsVisible = 0;
			defaultConfigurationName = Release;
		};
		243C51751AB88C3700CF0BF0 /* Build configuration list for PBXNativeTarget "sortowanie" */ = {
			isa = XCConfigurationList;
			buildConfigurations = (
				243C51761AB88C3700CF0BF0 /* Debug */,
				243C51771AB88C3700CF0BF0 /* Release */,
			);
			defaultConfigurationIsVisible = 0;
			defaultConfigurationName = Release;
		};
		248DC5771AE4F3F600716574 /* Build configuration list for PBXNativeTarget "Drzewa" */ = {
			isa = XCConfigurationList;
			buildConfigurations = (
				248DC5751AE4F3F600716574 /* Debug */,
				248DC5761AE4F3F600716574 /* Release */,
			);
			defaultConfigurationIsVisible = 0;
			defaultConfigurationName = Release;
		};
		248DC5801AE4F99D00716574 /* Build configuration list for PBXNativeTarget "TreeTest" */ = {
			isa = XCConfigurationList;
			buildConfigurations = (
				248DC5811AE4F99D00716574 /* Debug */,
				248DC5821AE4F99D00716574 /* Release */,
			);
			defaultConfigurationIsVisible = 0;
			defaultConfigurationName = Release;
		};
		24B9F9AB1ACA9F4A00BFCB34 /* Build configuration list for PBXNativeTarget "testBucket" */ = {
			isa = XCConfigurationList;
			buildConfigurations = (
				24B9F9A91ACA9F4A00BFCB34 /* Debug */,
				24B9F9AA1ACA9F4A00BFCB34 /* Release */,
			);
			defaultConfigurationIsVisible = 0;
			defaultConfigurationName = Release;
		};
		24DB307B1AC896E9007C9F4C /* Build configuration list for PBXNativeTarget "QuickerSort" */ = {
			isa = XCConfigurationList;
			buildConfigurations = (
				24DB307C1AC896E9007C9F4C /* Debug */,
				24DB307D1AC896E9007C9F4C /* Release */,
			);
			defaultConfigurationIsVisible = 0;
			defaultConfigurationName = Release;
		};
		24FBFB841ACC845300F55F37 /* Build configuration list for PBXNativeTarget "test_1" */ = {
			isa = XCConfigurationList;
			buildConfigurations = (
				24FBFB821ACC845300F55F37 /* Debug */,
				24FBFB831ACC845300F55F37 /* Release */,
			);
			defaultConfigurationIsVisible = 0;
			defaultConfigurationName = Release;
		};
/* End XCConfigurationList section */
	};
	rootObject = 243C515B1AB77A7900CF0BF0 /* Project object */;
}
